
Microsoft Visual Studio Solution File, Format Version 12.00
# Visual Studio 15
VisualStudioVersion = 15.0.27130.2010
MinimumVisualStudioVersion = 10.0.40219.1
Project("{FAE04EC0-301F-11D3-BF4B-00C04F79EFBC}") = "Template", "Template\Template.csproj", "{98C635D1-F84E-4241-9D33-128156C5EF6D}"
EndProject
Project("{FAE04EC0-301F-11D3-BF4B-00C04F79EFBC}") = "ImageUtilities", "ImageUtilities\ImageUtilities.csproj", "{0CB358F4-E793-4BF0-8F20-228B3708ED80}"
EndProject
Global
	GlobalSection(SolutionConfigurationPlatforms) = preSolution
		Debug|Any CPU = Debug|Any CPU
		Release|Any CPU = Release|Any CPU
	EndGlobalSection
	GlobalSection(ProjectConfigurationPlatforms) = postSolution
		{98C635D1-F84E-4241-9D33-128156C5EF6D}.Debug|Any CPU.ActiveCfg = Debug|Any CPU
		{98C635D1-F84E-4241-9D33-128156C5EF6D}.Debug|Any CPU.Build.0 = Debug|Any CPU
		{98C635D1-F84E-4241-9D33-128156C5EF6D}.Release|Any CPU.ActiveCfg = Release|Any CPU
		{98C635D1-F84E-4241-9D33-128156C5EF6D}.Release|Any CPU.Build.0 = Release|Any CPU
		{0CB358F4-E793-4BF0-8F20-228B3708ED80}.Debug|Any CPU.ActiveCfg = Debug|Any CPU
		{0CB358F4-E793-4BF0-8F20-228B3708ED80}.Debug|Any CPU.Build.0 = Debug|Any CPU
		{0CB358F4-E793-4BF0-8F20-228B3708ED80}.Release|Any CPU.ActiveCfg = Release|Any CPU
		{0CB358F4-E793-4BF0-8F20-228B3708ED80}.Release|Any CPU.Build.0 = Release|Any CPU
	EndGlobalSection
	GlobalSection(SolutionProperties) = preSolution
		HideSolutionNode = FALSE
	EndGlobalSection
	GlobalSection(ExtensibilityGlobals) = postSolution
		SolutionGuid = {067A83C5-CBE8-4501-9662-E7684C031E9E}
	EndGlobalSection
EndGlobal
